
Microsoft Visual Studio Solution File, Format Version 12.00
# Visual Studio 15
VisualStudioVersion = 15.0.28307.1321
MinimumVisualStudioVersion = 10.0.40219.1
Project("{FAE04EC0-301F-11D3-BF4B-00C04F79EFBC}") = "MathParser", "MathParser\MathParser.csproj", "{F9CB5DFA-3D44-4F58-8320-0CAB94A7B312}"
EndProject
Global
	GlobalSection(SolutionConfigurationPlatforms) = preSolution
		Debug|Any CPU = Debug|Any CPU
		Release|Any CPU = Release|Any CPU
	EndGlobalSection
	GlobalSection(ProjectConfigurationPlatforms) = postSolution
		{F9CB5DFA-3D44-4F58-8320-0CAB94A7B312}.Debug|Any CPU.ActiveCfg = Debug|Any CPU
		{F9CB5DFA-3D44-4F58-8320-0CAB94A7B312}.Debug|Any CPU.Build.0 = Debug|Any CPU
		{F9CB5DFA-3D44-4F58-8320-0CAB94A7B312}.Release|Any CPU.ActiveCfg = Release|Any CPU
		{F9CB5DFA-3D44-4F58-8320-0CAB94A7B312}.Release|Any CPU.Build.0 = Release|Any CPU
	EndGlobalSection
	GlobalSection(SolutionProperties) = preSolution
		HideSolutionNode = FALSE
	EndGlobalSection
	GlobalSection(ExtensibilityGlobals) = postSolution
		SolutionGuid = {713CA5B7-5E4E-43E4-8625-F418A48CA82A}
	EndGlobalSection
EndGlobal
